PODS:
  - AsyncLocationManager (1.0.0)

DEPENDENCIES:
  - AsyncLocationManager (from `../`)

EXTERNAL SOURCES:
  AsyncLocationManager:
    :path: "../"

SPEC CHECKSUMS:
  AsyncLocationManager: 4d334c91c7f5cfb9c170a759decdb18e25def524

PODFILE CHECKSUM: e4aa8085458d54ef103cfe127f4c9c46663ef2f9

COCOAPODS: 1.13.0
