// !$*UTF8*$!
{
	archiveVersion = 1;
	classes = {
	};
	objectVersion = 56;
	objects = {

/* Begin PBXBuildFile section */
		8ADE53EE2B366450000B2F53 /* AppDelegate.swift in Sources */ = {isa = PBXBuildFile; fileRef = 8ADE53ED2B366450000B2F53 /* AppDelegate.swift */; };
		8ADE53F02B366450000B2F53 /* SceneDelegate.swift in Sources */ = {isa = PBXBuildFile; fileRef = 8ADE53EF2B366450000B2F53 /* SceneDelegate.swift */; };
		8ADE53F22B366450000B2F53 /* ViewController.swift in Sources */ = {isa = PBXBuildFile; fileRef = 8ADE53F12B366450000B2F53 /* ViewController.swift */; };
		8ADE53F52B366450000B2F53 /* Main.storyboard in Resources */ = {isa = PBXBuildFile; fileRef = 8ADE53F32B366450000B2F53 /* Main.storyboard */; };
		8ADE53F72B366452000B2F53 /* Assets.xcassets in Resources */ = {isa = PBXBuildFile; fileRef = 8ADE53F62B366452000B2F53 /* Assets.xcassets */; };
		8ADE53FA2B366452000B2F53 /* LaunchScreen.storyboard in Resources */ = {isa = PBXBuildFile; fileRef = 8ADE53F82B366452000B2F53 /* LaunchScreen.storyboard */; };
		C24CB4DD4D82100F176CEDF6 /* Pods_LocationManagerExample.framework in Frameworks */ = {isa = PBXBuildFile; fileRef = 6002112DF19369DABA36E948 /* Pods_LocationManagerExample.framework */; };
/* End PBXBuildFile section */

/* Begin PBXFileReference section */
		6002112DF19369DABA36E948 /* Pods_LocationManagerExample.framework */ = {isa = PBXFileReference; explicitFileType = wrapper.framework; includeInIndex = 0; path = Pods_LocationManagerExample.framework; sourceTree = BUILT_PRODUCTS_DIR; };
		8ADE53EA2B366450000B2F53 /* LocationManagerExample.app */ = {isa = PBXFileReference; explicitFileType = wrapper.application; includeInIndex = 0; path = LocationManagerExample.app; sourceTree = BUILT_PRODUCTS_DIR; };
		8ADE53ED2B366450000B2F53 /* AppDelegate.swift */ = {isa = PBXFileReference; lastKnownFileType = sourcecode.swift; path = AppDelegate.swift; sourceTree = "<group>"; };
		8ADE53EF2B366450000B2F53 /* SceneDelegate.swift */ = {isa = PBXFileReference; lastKnownFileType = sourcecode.swift; path = SceneDelegate.swift; sourceTree = "<group>"; };
		8ADE53F12B366450000B2F53 /* ViewController.swift */ = {isa = PBXFileReference; lastKnownFileType = sourcecode.swift; path = ViewController.swift; sourceTree = "<group>"; };
		8ADE53F42B366450000B2F53 /* Base */ = {isa = PBXFileReference; lastKnownFileType = file.storyboard; name = Base; path = Base.lproj/Main.storyboard; sourceTree = "<group>"; };
		8ADE53F62B366452000B2F53 /* Assets.xcassets */ = {isa = PBXFileReference; lastKnownFileType = folder.assetcatalog; path = Assets.xcassets; sourceTree = "<group>"; };
		8ADE53F92B366452000B2F53 /* Base */ = {isa = PBXFileReference; lastKnownFileType = file.storyboard; name = Base; path = Base.lproj/LaunchScreen.storyboard; sourceTree = "<group>"; };
		8ADE53FB2B366452000B2F53 /* Info.plist */ = {isa = PBXFileReference; lastKnownFileType = text.plist.xml; path = Info.plist; sourceTree = "<group>"; };
		EB429CD5868C94816C9F6509 /* Pods-LocationManagerExample.release.xcconfig */ = {isa = PBXFileReference; includeInIndex = 1; lastKnownFileType = text.xcconfig; name = "Pods-LocationManagerExample.release.xcconfig"; path = "Target Support Files/Pods-LocationManagerExample/Pods-LocationManagerExample.release.xcconfig"; sourceTree = "<group>"; };
		F7C0E0740F4E57EAEA2C1558 /* Pods-LocationManagerExample.debug.xcconfig */ = {isa = PBXFileReference; includeInIndex = 1; lastKnownFileType = text.xcconfig; name = "Pods-LocationManagerExample.debug.xcconfig"; path = "Target Support Files/Pods-LocationManagerExample/Pods-LocationManagerExample.debug.xcconfig"; sourceTree = "<group>"; };
/* End PBXFileReference section */

/* Begin PBXFrameworksBuildPhase section */
		8ADE53E72B366450000B2F53 /* Frameworks */ = {
			isa = PBXFrameworksBuildPhase;
			buildActionMask = 2147483647;
			files = (
				C24CB4DD4D82100F176CEDF6 /* Pods_LocationManagerExample.framework in Frameworks */,
			);
			runOnlyForDeploymentPostprocessing = 0;
		};
/* End PBXFrameworksBuildPhase section */

/* Begin PBXGroup section */
		0983B1B0596D798B981B730F /* Pods */ = {
			isa = PBXGroup;
			children = (
				F7C0E0740F4E57EAEA2C1558 /* Pods-LocationManagerExample.debug.xcconfig */,
				EB429CD5868C94816C9F6509 /* Pods-LocationManagerExample.release.xcconfig */,
			);
			path = Pods;
			sourceTree = "<group>";
		};
		7EFEDC31369B397090683398 /* Frameworks */ = {
			isa = PBXGroup;
			children = (
				6002112DF19369DABA36E948 /* Pods_LocationManagerExample.framework */,
			);
			name = Frameworks;
			sourceTree = "<group>";
		};
		8ADE53E12B366450000B2F53 = {
			isa = PBXGroup;
			children = (
				8ADE53EC2B366450000B2F53 /* LocationManagerExample */,
				8ADE53EB2B366450000B2F53 /* Products */,
				0983B1B0596D798B981B730F /* Pods */,
				7EFEDC31369B397090683398 /* Frameworks */,
			);
			sourceTree = "<group>";
		};
		8ADE53EB2B366450000B2F53 /* Products */ = {
			isa = PBXGroup;
			children = (
				8ADE53EA2B366450000B2F53 /* LocationManagerExample.app */,
			);
			name = Products;
			sourceTree = "<group>";
		};
		8ADE53EC2B366450000B2F53 /* LocationManagerExample */ = {
			isa = PBXGroup;
			children = (
				8ADE53ED2B366450000B2F53 /* AppDelegate.swift */,
				8ADE53EF2B366450000B2F53 /* SceneDelegate.swift */,
				8ADE53F12B366450000B2F53 /* ViewController.swift */,
				8ADE53F32B366450000B2F53 /* Main.storyboard */,
				8ADE53F62B366452000B2F53 /* Assets.xcassets */,
				8ADE53F82B366452000B2F53 /* LaunchScreen.storyboard */,
				8ADE53FB2B366452000B2F53 /* Info.plist */,
			);
			path = LocationManagerExample;
			sourceTree = "<group>";
		};
/* End PBXGroup section */

/* Begin PBXNativeTarget section */
		8ADE53E92B366450000B2F53 /* LocationManagerExample */ = {
			isa = PBXNativeTarget;
			buildConfigurationList = 8ADE53FE2B366452000B2F53 /* Build configuration list for PBXNativeTarget "LocationManagerExample" */;
			buildPhases = (
				93FCA7A6246E609735524FA8 /* [CP] Check Pods Manifest.lock */,
				8ADE53E62B366450000B2F53 /* Sources */,
				8ADE53E72B366450000B2F53 /* Frameworks */,
				8ADE53E82B366450000B2F53 /* Resources */,
				0AEC0539350A01CD055307DF /* [CP] Embed Pods Frameworks */,
			);
			buildRules = (
			);
			dependencies = (
			);
			name = LocationManagerExample;
			productName = LocationManagerExample;
			productReference = 8ADE53EA2B366450000B2F53 /* LocationManagerExample.app */;
			productType = "com.apple.product-type.application";
		};
/* End PBXNativeTarget section */

/* Begin PBXProject section */
		8ADE53E22B366450000B2F53 /* Project object */ = {
			isa = PBXProject;
			attributes = {
				BuildIndependentTargetsInParallel = 1;
				LastSwiftUpdateCheck = 1500;
				LastUpgradeCheck = 1500;
				TargetAttributes = {
					8ADE53E92B366450000B2F53 = {
						CreatedOnToolsVersion = 15.0;
					};
				};
			};
			buildConfigurationList = 8ADE53E52B366450000B2F53 /* Build configuration list for PBXProject "LocationManagerExample" */;
			compatibilityVersion = "Xcode 14.0";
			developmentRegion = en;
			hasScannedForEncodings = 0;
			knownRegions = (
				en,
				Base,
			);
			mainGroup = 8ADE53E12B366450000B2F53;
			productRefGroup = 8ADE53EB2B366450000B2F53 /* Products */;
			projectDirPath = "";
			projectRoot = "";
			targets = (
				8ADE53E92B366450000B2F53 /* LocationManagerExample */,
			);
		};
/* End PBXProject section */

/* Begin PBXResourcesBuildPhase section */
		8ADE53E82B366450000B2F53 /* Resources */ = {
			isa = PBXResourcesBuildPhase;
			buildActionMask = 2147483647;
			files = (
				8ADE53FA2B366452000B2F53 /* LaunchScreen.storyboard in Resources */,
				8ADE53F72B366452000B2F53 /* Assets.xcassets in Resources */,
				8ADE53F52B366450000B2F53 /* Main.storyboard in Resources */,
			);
			runOnlyForDeploymentPostprocessing = 0;
		};
/* End PBXResourcesBuildPhase section */

/* Begin PBXShellScriptBuildPhase section */
		0AEC0539350A01CD055307DF /* [CP] Embed Pods Frameworks */ = {
			isa = PBXShellScriptBuildPhase;
			buildActionMask = 2147483647;
			files = (
			);
			inputFileListPaths = (
				"${PODS_ROOT}/Target Support Files/Pods-LocationManagerExample/Pods-LocationManagerExample-frameworks-${CONFIGURATION}-input-files.xcfilelist",
			);
			name = "[CP] Embed Pods Frameworks";
			outputFileListPaths = (
				"${PODS_ROOT}/Target Support Files/Pods-LocationManagerExample/Pods-LocationManagerExample-frameworks-${CONFIGURATION}-output-files.xcfilelist",
			);
			runOnlyForDeploymentPostprocessing = 0;
			shellPath = /bin/sh;
			shellScript = "\"${PODS_ROOT}/Target Support Files/Pods-LocationManagerExample/Pods-LocationManagerExample-frameworks.sh\"\n";
			showEnvVarsInLog = 0;
		};
		93FCA7A6246E609735524FA8 /* [CP] Check Pods Manifest.lock */ = {
			isa = PBXShellScriptBuildPhase;
			buildActionMask = 2147483647;
			files = (
			);
			inputFileListPaths = (
			);
			inputPaths = (
				"${PODS_PODFILE_DIR_PATH}/Podfile.lock",
				"${PODS_ROOT}/Manifest.lock",
			);
			name = "[CP] Check Pods Manifest.lock";
			outputFileListPaths = (
			);
			outputPaths = (
				"$(DERIVED_FILE_DIR)/Pods-LocationManagerExample-checkManifestLockResult.txt",
			);
			runOnlyForDeploymentPostprocessing = 0;
			shellPath = /bin/sh;
			shellScript = "diff \"${PODS_PODFILE_DIR_PATH}/Podfile.lock\" \"${PODS_ROOT}/Manifest.lock\" > /dev/null\nif [ $? != 0 ] ; then\n    # print error to STDERR\n    echo \"error: The sandbox is not in sync with the Podfile.lock. Run 'pod install' or update your CocoaPods installation.\" >&2\n    exit 1\nfi\n# This output is used by Xcode 'outputs' to avoid re-running this script phase.\necho \"SUCCESS\" > \"${SCRIPT_OUTPUT_FILE_0}\"\n";
			showEnvVarsInLog = 0;
		};
/* End PBXShellScriptBuildPhase section */

/* Begin PBXSourcesBuildPhase section */
		8ADE53E62B366450000B2F53 /* Sources */ = {
			isa = PBXSourcesBuildPhase;
			buildActionMask = 2147483647;
			files = (
				8ADE53F22B366450000B2F53 /* ViewController.swift in Sources */,
				8ADE53EE2B366450000B2F53 /* AppDelegate.swift in Sources */,
				8ADE53F02B366450000B2F53 /* SceneDelegate.swift in Sources */,
			);
			runOnlyForDeploymentPostprocessing = 0;
		};
/* End PBXSourcesBuildPhase section */

/* Begin PBXVariantGroup section */
		8ADE53F32B366450000B2F53 /* Main.storyboard */ = {
			isa = PBXVariantGroup;
			children = (
				8ADE53F42B366450000B2F53 /* Base */,
			);
			name = Main.storyboard;
			sourceTree = "<group>";
		};
		8ADE53F82B366452000B2F53 /* LaunchScreen.storyboard */ = {
			isa = PBXVariantGroup;
			children = (
				8ADE53F92B366452000B2F53 /* Base */,
			);
			name = LaunchScreen.storyboard;
			sourceTree = "<group>";
		};
/* End PBXVariantGroup section */

/* Begin XCBuildConfiguration section */
		8ADE53FC2B366452000B2F53 /* Debug */ = {
			isa = XCBuildConfiguration;
			buildSettings = {
				ALWAYS_SEARCH_USER_PATHS = NO;
				ASSETCATALOG_COMPILER_GENERATE_SWIFT_ASSET_SYMBOL_EXTENSIONS = YES;
				CLANG_ANALYZER_NONNULL = YES;
				CLANG_ANALYZER_NUMBER_OBJECT_CONVERSION = YES_AGGRESSIVE;
				CLANG_CXX_LANGUAGE_STANDARD = "gnu++20";
				CLANG_ENABLE_MODULES = YES;
				CLANG_ENABLE_OBJC_ARC = YES;
				CLANG_ENABLE_OBJC_WEAK = YES;
				CLANG_WARN_BLOCK_CAPTURE_AUTORELEASING = YES;
				CLANG_WARN_BOOL_CONVERSION = YES;
				CLANG_WARN_COMMA = YES;
				CLANG_WARN_CONSTANT_CONVERSION = YES;
				CLANG_WARN_DEPRECATED_OBJC_IMPLEMENTATIONS = YES;
				CLANG_WARN_DIRECT_OBJC_ISA_USAGE = YES_ERROR;
				CLANG_WARN_DOCUMENTATION_COMMENTS = YES;
				CLANG_WARN_EMPTY_BODY = YES;
				CLANG_WARN_ENUM_CONVERSION = YES;
				CLANG_WARN_INFINITE_RECURSION = YES;
				CLANG_WARN_INT_CONVERSION = YES;
				CLANG_WARN_NON_LITERAL_NULL_CONVERSION = YES;
				CLANG_WARN_OBJC_IMPLICIT_RETAIN_SELF = YES;
				CLANG_WARN_OBJC_LITERAL_CONVERSION = YES;
				CLANG_WARN_OBJC_ROOT_CLASS = YES_ERROR;
				CLANG_WARN_QUOTED_INCLUDE_IN_FRAMEWORK_HEADER = YES;
				CLANG_WARN_RANGE_LOOP_ANALYSIS = YES;
				CLANG_WARN_STRICT_PROTOTYPES = YES;
				CLANG_WARN_SUSPICIOUS_MOVE = YES;
				CLANG_WARN_UNGUARDED_AVAILABILITY = YES_AGGRESSIVE;
				CLANG_WARN_UNREACHABLE_CODE = YES;
				CLANG_WARN__DUPLICATE_METHOD_MATCH = YES;
				COPY_PHASE_STRIP = NO;
				DEBUG_INFORMATION_FORMAT = dwarf;
				ENABLE_STRICT_OBJC_MSGSEND = YES;
				ENABLE_TESTABILITY = YES;
				ENABLE_USER_SCRIPT_SANDBOXING = YES;
				GCC_C_LANGUAGE_STANDARD = gnu17;
				GCC_DYNAMIC_NO_PIC = NO;
				GCC_NO_COMMON_BLOCKS = YES;
				GCC_OPTIMIZATION_LEVEL = 0;
				GCC_PREPROCESSOR_DEFINITIONS = (
					"DEBUG=1",
					"$(inherited)",
				);
				GCC_WARN_64_TO_32_BIT_CONVERSION = YES;
				GCC_WARN_ABOUT_RETURN_TYPE = YES_ERROR;
				GCC_WARN_UNDECLARED_SELECTOR = YES;
				GCC_WARN_UNINITIALIZED_AUTOS = YES_AGGRESSIVE;
				GCC_WARN_UNUSED_FUNCTION = YES;
				GCC_WARN_UNUSED_VARIABLE = YES;
				IPHONEOS_DEPLOYMENT_TARGET = 17.0;
				LOCALIZATION_PREFERS_STRING_CATALOGS = YES;
				MTL_ENABLE_DEBUG_INFO = INCLUDE_SOURCE;
				MTL_FAST_MATH = YES;
				ONLY_ACTIVE_ARCH = YES;
				SDKROOT = iphoneos;
				SWIFT_ACTIVE_COMPILATION_CONDITIONS = "DEBUG $(inherited)";
				SWIFT_OPTIMIZATION_LEVEL = "-Onone";
			};
			name = Debug;
		};
		8ADE53FD2B366452000B2F53 /* Release */ = {
			isa = XCBuildConfiguration;
			buildSettings = {
				ALWAYS_SEARCH_USER_PATHS = NO;
				ASSETCATALOG_COMPILER_GENERATE_SWIFT_ASSET_SYMBOL_EXTENSIONS = YES;
				CLANG_ANALYZER_NONNULL = YES;
				CLANG_ANALYZER_NUMBER_OBJECT_CONVERSION = YES_AGGRESSIVE;
				CLANG_CXX_LANGUAGE_STANDARD = "gnu++20";
				CLANG_ENABLE_MODULES = YES;
				CLANG_ENABLE_OBJC_ARC = YES;
				CLANG_ENABLE_OBJC_WEAK = YES;
				CLANG_WARN_BLOCK_CAPTURE_AUTORELEASING = YES;
				CLANG_WARN_BOOL_CONVERSION = YES;
				CLANG_WARN_COMMA = YES;
				CLANG_WARN_CONSTANT_CONVERSION = YES;
				CLANG_WARN_DEPRECATED_OBJC_IMPLEMENTATIONS = YES;
				CLANG_WARN_DIRECT_OBJC_ISA_USAGE = YES_ERROR;
				CLANG_WARN_DOCUMENTATION_COMMENTS = YES;
				CLANG_WARN_EMPTY_BODY = YES;
				CLANG_WARN_ENUM_CONVERSION = YES;
				CLANG_WARN_INFINITE_RECURSION = YES;
				CLANG_WARN_INT_CONVERSION = YES;
				CLANG_WARN_NON_LITERAL_NULL_CONVERSION = YES;
				CLANG_WARN_OBJC_IMPLICIT_RETAIN_SELF = YES;
				CLANG_WARN_OBJC_LITERAL_CONVERSION = YES;
				CLANG_WARN_OBJC_ROOT_CLASS = YES_ERROR;
				CLANG_WARN_QUOTED_INCLUDE_IN_FRAMEWORK_HEADER = YES;
				CLANG_WARN_RANGE_LOOP_ANALYSIS = YES;
				CLANG_WARN_STRICT_PROTOTYPES = YES;
				CLANG_WARN_SUSPICIOUS_MOVE = YES;
				CLANG_WARN_UNGUARDED_AVAILABILITY = YES_AGGRESSIVE;
				CLANG_WARN_UNREACHABLE_CODE = YES;
				CLANG_WARN__DUPLICATE_METHOD_MATCH = YES;
				COPY_PHASE_STRIP = NO;
				DEBUG_INFORMATION_FORMAT = "dwarf-with-dsym";
				ENABLE_NS_ASSERTIONS = NO;
				ENABLE_STRICT_OBJC_MSGSEND = YES;
				ENABLE_USER_SCRIPT_SANDBOXING = YES;
				GCC_C_LANGUAGE_STANDARD = gnu17;
				GCC_NO_COMMON_BLOCKS = YES;
				GCC_WARN_64_TO_32_BIT_CONVERSION = YES;
				GCC_WARN_ABOUT_RETURN_TYPE = YES_ERROR;
				GCC_WARN_UNDECLARED_SELECTOR = YES;
				GCC_WARN_UNINITIALIZED_AUTOS = YES_AGGRESSIVE;
				GCC_WARN_UNUSED_FUNCTION = YES;
				GCC_WARN_UNUSED_VARIABLE = YES;
				IPHONEOS_DEPLOYMENT_TARGET = 17.0;
				LOCALIZATION_PREFERS_STRING_CATALOGS = YES;
				MTL_ENABLE_DEBUG_INFO = NO;
				MTL_FAST_MATH = YES;
				SDKROOT = iphoneos;
				SWIFT_COMPILATION_MODE = wholemodule;
				VALIDATE_PRODUCT = YES;
			};
			name = Release;
		};
		8ADE53FF2B366452000B2F53 /* Debug */ = {
			isa = XCBuildConfiguration;
			baseConfigurationReference = F7C0E0740F4E57EAEA2C1558 /* Pods-LocationManagerExample.debug.xcconfig */;
			buildSettings = {
				ASSETCATALOG_COMPILER_APPICON_NAME = AppIcon;
				ASSETCATALOG_COMPILER_GLOBAL_ACCENT_COLOR_NAME = AccentColor;
				CODE_SIGN_STYLE = Automatic;
				CURRENT_PROJECT_VERSION = 1;
				DEVELOPMENT_TEAM = T8HJX6S7A5;
				ENABLE_USER_SCRIPT_SANDBOXING = NO;
				GENERATE_INFOPLIST_FILE = YES;
				INFOPLIST_FILE = LocationManagerExample/Info.plist;
				INFOPLIST_KEY_NSLocationAlwaysAndWhenInUseUsageDescription = "Privacy - Location Always and When In Use Usage Description";
				INFOPLIST_KEY_NSLocationAlwaysUsageDescription = "Privacy - Location Always Usage Description";
				INFOPLIST_KEY_NSLocationUsageDescription = "Privacy - Location Usage Description";
				INFOPLIST_KEY_NSLocationWhenInUseUsageDescription = "Privacy - Location When In Use Usage Description";
				INFOPLIST_KEY_UIApplicationSupportsIndirectInputEvents = YES;
				INFOPLIST_KEY_UILaunchStoryboardName = LaunchScreen;
				INFOPLIST_KEY_UIMainStoryboardFile = Main;
				INFOPLIST_KEY_UISupportedInterfaceOrientations_iPad = "UIInterfaceOrientationPortrait UIInterfaceOrientationPortraitUpsideDown UIInterfaceOrientationLandscapeLeft UIInterfaceOrientationLandscapeRight";
				INFOPLIST_KEY_UISupportedInterfaceOrientations_iPhone = "UIInterfaceOrientationPortrait UIInterfaceOrientationLandscapeLeft UIInterfaceOrientationLandscapeRight";
				LD_RUNPATH_SEARCH_PATHS = (
					"$(inherited)",
					"@executable_path/Frameworks",
				);
				MARKETING_VERSION = 1.0;
				PRODUCT_BUNDLE_IDENTIFIER = "com.hardeep-singh.LocationManagerExample";
				PRODUCT_NAME = "$(TARGET_NAME)";
				SWIFT_EMIT_LOC_STRINGS = YES;
				SWIFT_VERSION = 5.0;
				TARGETED_DEVICE_FAMILY = "1,2";
			};
			name = Debug;
		};
		8ADE54002B366452000B2F53 /* Release */ = {
			isa = XCBuildConfiguration;
			baseConfigurationReference = EB429CD5868C94816C9F6509 /* Pods-LocationManagerExample.release.xcconfig */;
			buildSettings = {
				ASSETCATALOG_COMPILER_APPICON_NAME = AppIcon;
				ASSETCATALOG_COMPILER_GLOBAL_ACCENT_COLOR_NAME = AccentColor;
				CODE_SIGN_STYLE = Automatic;
				CURRENT_PROJECT_VERSION = 1;
				DEVELOPMENT_TEAM = T8HJX6S7A5;
				ENABLE_USER_SCRIPT_SANDBOXING = NO;
				GENERATE_INFOPLIST_FILE = YES;
				INFOPLIST_FILE = LocationManagerExample/Info.plist;
				INFOPLIST_KEY_NSLocationAlwaysAndWhenInUseUsageDescription = "Privacy - Location Always and When In Use Usage Description";
				INFOPLIST_KEY_NSLocationAlwaysUsageDescription = "Privacy - Location Always Usage Description";
				INFOPLIST_KEY_NSLocationUsageDescription = "Privacy - Location Usage Description";
				INFOPLIST_KEY_NSLocationWhenInUseUsageDescription = "Privacy - Location When In Use Usage Description";
				INFOPLIST_KEY_UIApplicationSupportsIndirectInputEvents = YES;
				INFOPLIST_KEY_UILaunchStoryboardName = LaunchScreen;
				INFOPLIST_KEY_UIMainStoryboardFile = Main;
				INFOPLIST_KEY_UISupportedInterfaceOrientations_iPad = "UIInterfaceOrientationPortrait UIInterfaceOrientationPortraitUpsideDown UIInterfaceOrientationLandscapeLeft UIInterfaceOrientationLandscapeRight";
				INFOPLIST_KEY_UISupportedInterfaceOrientations_iPhone = "UIInterfaceOrientationPortrait UIInterfaceOrientationLandscapeLeft UIInterfaceOrientationLandscapeRight";
				LD_RUNPATH_SEARCH_PATHS = (
					"$(inherited)",
					"@executable_path/Frameworks",
				);
				MARKETING_VERSION = 1.0;
				PRODUCT_BUNDLE_IDENTIFIER = "com.hardeep-singh.LocationManagerExample";
				PRODUCT_NAME = "$(TARGET_NAME)";
				SWIFT_EMIT_LOC_STRINGS = YES;
				SWIFT_VERSION = 5.0;
				TARGETED_DEVICE_FAMILY = "1,2";
			};
			name = Release;
		};
/* End XCBuildConfiguration section */

/* Begin XCConfigurationList section */
		8ADE53E52B366450000B2F53 /* Build configuration list for PBXProject "LocationManagerExample" */ = {
			isa = XCConfigurationList;
			buildConfigurations = (
				8ADE53FC2B366452000B2F53 /* Debug */,
				8ADE53FD2B366452000B2F53 /* Release */,
			);
			defaultConfigurationIsVisible = 0;
			defaultConfigurationName = Release;
		};
		8ADE53FE2B366452000B2F53 /* Build configuration list for PBXNativeTarget "LocationManagerExample" */ = {
			isa = XCConfigurationList;
			buildConfigurations = (
				8ADE53FF2B366452000B2F53 /* Debug */,
				8ADE54002B366452000B2F53 /* Release */,
			);
			defaultConfigurationIsVisible = 0;
			defaultConfigurationName = Release;
		};
/* End XCConfigurationList section */
	};
	rootObject = 8ADE53E22B366450000B2F53 /* Project object */;
}
